
Microsoft Visual Studio Solution File, Format Version 12.00
# Visual Studio Version 16
VisualStudioVersion = 16.0.30413.136
MinimumVisualStudioVersion = 10.0.40219.1
Project("{9A19103F-16F7-4668-BE54-9A1E7A4F7556}") = "Samples.AzureStorageQueue.Publisher", "src\Samples.AzureStorageQueue.Publisher\Samples.AzureStorageQueue.Publisher.csproj", "{ACFFA1F1-E50C-4AC9-A234-9FFF0C6F8FFD}"
EndProject
Project("{2150E333-8FDC-42A3-9474-1A3956D46DE8}") = "src", "src", "{F3CCD58A-1EBF-43B3-B1D7-B23CF5670968}"
EndProject
Project("{2150E333-8FDC-42A3-9474-1A3956D46DE8}") = "test", "test", "{4B0B6494-3CF6-4F9E-9A37-AC4950668161}"
EndProject
Project("{2150E333-8FDC-42A3-9474-1A3956D46DE8}") = "Solution Items", "Solution Items", "{98CFF1C7-4776-4069-AA3A-816009585DF7}"
	ProjectSection(SolutionItems) = preProject
		.gitignore = .gitignore
		README.md = README.md
	EndProjectSection
EndProject
Project("{9A19103F-16F7-4668-BE54-9A1E7A4F7556}") = "Samples.AzureStorageQueue.Subscriber", "src\Samples.AzureStorageQueue.Subscriber\Samples.AzureStorageQueue.Subscriber.csproj", "{2CBBFBB6-B692-4121-9203-194F5434F493}"
EndProject
Project("{9A19103F-16F7-4668-BE54-9A1E7A4F7556}") = "Samples.AzureStorageQueue.Models", "src\Samples.AzureStorageQueue.Models\Samples.AzureStorageQueue.Models.csproj", "{EC8FE5C4-42E5-47EB-ADEA-8FFCB40A9E5E}"
EndProject
Project("{9A19103F-16F7-4668-BE54-9A1E7A4F7556}") = "Samples.AzureStorageQueue.Services.Implementations", "src\Samples.AzureStorageQueue.Services.Implementations\Samples.AzureStorageQueue.Services.Implementations.csproj", "{20E52F6B-DF45-44FE-8BA5-378094B689D0}"
EndProject
Project("{9A19103F-16F7-4668-BE54-9A1E7A4F7556}") = "Samples.AzureStorageQueue.Services.Interfaces", "src\Samples.AzureStorageQueue.Services.Interfaces\Samples.AzureStorageQueue.Services.Interfaces.csproj", "{9EC5DAE5-68B6-42E3-902F-CBDA3E828F18}"
EndProject
Project("{9A19103F-16F7-4668-BE54-9A1E7A4F7556}") = "Samples.AzureStorageQueue.SubscriberMultithreading", "src\Samples.AzureStorageQueue.SubscriberMultithreading\Samples.AzureStorageQueue.SubscriberMultithreading.csproj", "{18921C37-5589-414A-A4B5-788DA816BBAD}"
EndProject
Project("{FAE04EC0-301F-11D3-BF4B-00C04F79EFBC}") = "Samples.AzureStorageQueue.WebApi", "src\Samples.AzureStorageQueue.WebApi\Samples.AzureStorageQueue.WebApi.csproj", "{9673BB16-76F3-4B32-B31A-E3D852514F23}"
EndProject
Global
	GlobalSection(SolutionConfigurationPlatforms) = preSolution
		Debug|Any CPU = Debug|Any CPU
		Release|Any CPU = Release|Any CPU
	EndGlobalSection
	GlobalSection(ProjectConfigurationPlatforms) = postSolution
		{ACFFA1F1-E50C-4AC9-A234-9FFF0C6F8FFD}.Debug|Any CPU.ActiveCfg = Debug|Any CPU
		{ACFFA1F1-E50C-4AC9-A234-9FFF0C6F8FFD}.Debug|Any CPU.Build.0 = Debug|Any CPU
		{ACFFA1F1-E50C-4AC9-A234-9FFF0C6F8FFD}.Release|Any CPU.ActiveCfg = Release|Any CPU
		{ACFFA1F1-E50C-4AC9-A234-9FFF0C6F8FFD}.Release|Any CPU.Build.0 = Release|Any CPU
		{2CBBFBB6-B692-4121-9203-194F5434F493}.Debug|Any CPU.ActiveCfg = Debug|Any CPU
		{2CBBFBB6-B692-4121-9203-194F5434F493}.Debug|Any CPU.Build.0 = Debug|Any CPU
		{2CBBFBB6-B692-4121-9203-194F5434F493}.Release|Any CPU.ActiveCfg = Release|Any CPU
		{2CBBFBB6-B692-4121-9203-194F5434F493}.Release|Any CPU.Build.0 = Release|Any CPU
		{EC8FE5C4-42E5-47EB-ADEA-8FFCB40A9E5E}.Debug|Any CPU.ActiveCfg = Debug|Any CPU
		{EC8FE5C4-42E5-47EB-ADEA-8FFCB40A9E5E}.Debug|Any CPU.Build.0 = Debug|Any CPU
		{EC8FE5C4-42E5-47EB-ADEA-8FFCB40A9E5E}.Release|Any CPU.ActiveCfg = Release|Any CPU
		{EC8FE5C4-42E5-47EB-ADEA-8FFCB40A9E5E}.Release|Any CPU.Build.0 = Release|Any CPU
		{20E52F6B-DF45-44FE-8BA5-378094B689D0}.Debug|Any CPU.ActiveCfg = Debug|Any CPU
		{20E52F6B-DF45-44FE-8BA5-378094B689D0}.Debug|Any CPU.Build.0 = Debug|Any CPU
		{20E52F6B-DF45-44FE-8BA5-378094B689D0}.Release|Any CPU.ActiveCfg = Release|Any CPU
		{20E52F6B-DF45-44FE-8BA5-378094B689D0}.Release|Any CPU.Build.0 = Release|Any CPU
		{9EC5DAE5-68B6-42E3-902F-CBDA3E828F18}.Debug|Any CPU.ActiveCfg = Debug|Any CPU
		{9EC5DAE5-68B6-42E3-902F-CBDA3E828F18}.Debug|Any CPU.Build.0 = Debug|Any CPU
		{9EC5DAE5-68B6-42E3-902F-CBDA3E828F18}.Release|Any CPU.ActiveCfg = Release|Any CPU
		{9EC5DAE5-68B6-42E3-902F-CBDA3E828F18}.Release|Any CPU.Build.0 = Release|Any CPU
		{18921C37-5589-414A-A4B5-788DA816BBAD}.Debug|Any CPU.ActiveCfg = Debug|Any CPU
		{18921C37-5589-414A-A4B5-788DA816BBAD}.Debug|Any CPU.Build.0 = Debug|Any CPU
		{18921C37-5589-414A-A4B5-788DA816BBAD}.Release|Any CPU.ActiveCfg = Release|Any CPU
		{18921C37-5589-414A-A4B5-788DA816BBAD}.Release|Any CPU.Build.0 = Release|Any CPU
		{9673BB16-76F3-4B32-B31A-E3D852514F23}.Debug|Any CPU.ActiveCfg = Debug|Any CPU
		{9673BB16-76F3-4B32-B31A-E3D852514F23}.Debug|Any CPU.Build.0 = Debug|Any CPU
		{9673BB16-76F3-4B32-B31A-E3D852514F23}.Release|Any CPU.ActiveCfg = Release|Any CPU
		{9673BB16-76F3-4B32-B31A-E3D852514F23}.Release|Any CPU.Build.0 = Release|Any CPU
	EndGlobalSection
	GlobalSection(SolutionProperties) = preSolution
		HideSolutionNode = FALSE
	EndGlobalSection
	GlobalSection(NestedProjects) = preSolution
		{ACFFA1F1-E50C-4AC9-A234-9FFF0C6F8FFD} = {F3CCD58A-1EBF-43B3-B1D7-B23CF5670968}
		{2CBBFBB6-B692-4121-9203-194F5434F493} = {F3CCD58A-1EBF-43B3-B1D7-B23CF5670968}
		{EC8FE5C4-42E5-47EB-ADEA-8FFCB40A9E5E} = {F3CCD58A-1EBF-43B3-B1D7-B23CF5670968}
		{20E52F6B-DF45-44FE-8BA5-378094B689D0} = {F3CCD58A-1EBF-43B3-B1D7-B23CF5670968}
		{9EC5DAE5-68B6-42E3-902F-CBDA3E828F18} = {F3CCD58A-1EBF-43B3-B1D7-B23CF5670968}
		{18921C37-5589-414A-A4B5-788DA816BBAD} = {F3CCD58A-1EBF-43B3-B1D7-B23CF5670968}
		{9673BB16-76F3-4B32-B31A-E3D852514F23} = {F3CCD58A-1EBF-43B3-B1D7-B23CF5670968}
	EndGlobalSection
	GlobalSection(ExtensibilityGlobals) = postSolution
		SolutionGuid = {29471429-C000-469A-8B76-F669C58FDFEC}
	EndGlobalSection
EndGlobal
